
Microsoft Visual Studio Solution File, Format Version 12.00
# Visual Studio 2015
Project("{FAE04EC0-301F-11D3-BF4B-00C04F79EFBC}") = "Example project.CSharp", "Example project.CSharp.csproj", "{0FABFB31-4B9F-A068-328C-8CA2093A264C}"
EndProject
Global
	GlobalSection(SolutionConfigurationPlatforms) = preSolution
		Debug|Any CPU = Debug|Any CPU
		Release|Any CPU = Release|Any CPU
	EndGlobalSection
	GlobalSection(ProjectConfigurationPlatforms) = postSolution
		{0FABFB31-4B9F-A068-328C-8CA2093A264C}.Debug|Any CPU.ActiveCfg = Debug|Any CPU
		{0FABFB31-4B9F-A068-328C-8CA2093A264C}.Debug|Any CPU.Build.0 = Debug|Any CPU
		{0FABFB31-4B9F-A068-328C-8CA2093A264C}.Release|Any CPU.ActiveCfg = Release|Any CPU
		{0FABFB31-4B9F-A068-328C-8CA2093A264C}.Release|Any CPU.Build.0 = Release|Any CPU
	EndGlobalSection
	GlobalSection(SolutionProperties) = preSolution
		HideSolutionNode = FALSE
	EndGlobalSection
EndGlobal
